
Microsoft Visual Studio Solution File, Format Version 12.00
# Visual Studio 15
VisualStudioVersion = 15.0.28307.1259
MinimumVisualStudioVersion = 10.0.40219.1
Project("{FAE04EC0-301F-11D3-BF4B-00C04F79EFBC}") = "SP2", "SP2\SP2.csproj", "{526C01DB-B9F1-4C75-8D87-8F3A7990903F}"
EndProject
Global
	GlobalSection(SolutionConfigurationPlatforms) = preSolution
		Debug|Any CPU = Debug|Any CPU
		Release|Any CPU = Release|Any CPU
	EndGlobalSection
	GlobalSection(ProjectConfigurationPlatforms) = postSolution
		{526C01DB-B9F1-4C75-8D87-8F3A7990903F}.Debug|Any CPU.ActiveCfg = Debug|Any CPU
		{526C01DB-B9F1-4C75-8D87-8F3A7990903F}.Debug|Any CPU.Build.0 = Debug|Any CPU
		{526C01DB-B9F1-4C75-8D87-8F3A7990903F}.Release|Any CPU.ActiveCfg = Release|Any CPU
		{526C01DB-B9F1-4C75-8D87-8F3A7990903F}.Release|Any CPU.Build.0 = Release|Any CPU
	EndGlobalSection
	GlobalSection(SolutionProperties) = preSolution
		HideSolutionNode = FALSE
	EndGlobalSection
	GlobalSection(ExtensibilityGlobals) = postSolution
		SolutionGuid = {EB911682-DF64-414B-9BF9-3E3F8476670D}
	EndGlobalSection
EndGlobal
